
Microsoft Visual Studio Solution File, Format Version 12.00
# Visual Studio Version 16
VisualStudioVersion = 16.0.31729.503
MinimumVisualStudioVersion = 10.0.40219.1
Project("{FAE04EC0-301F-11D3-BF4B-00C04F79EFBC}") = "Puzzle19", "Puzzle19.csproj", "{6EB41F85-E131-4CFF-ABB2-498EF5F25765}"
EndProject
Global
	GlobalSection(SolutionConfigurationPlatforms) = preSolution
		Debug|Any CPU = Debug|Any CPU
		Release|Any CPU = Release|Any CPU
	EndGlobalSection
	GlobalSection(ProjectConfigurationPlatforms) = postSolution
		{6EB41F85-E131-4CFF-ABB2-498EF5F25765}.Debug|Any CPU.ActiveCfg = Debug|Any CPU
		{6EB41F85-E131-4CFF-ABB2-498EF5F25765}.Debug|Any CPU.Build.0 = Debug|Any CPU
		{6EB41F85-E131-4CFF-ABB2-498EF5F25765}.Release|Any CPU.ActiveCfg = Release|Any CPU
		{6EB41F85-E131-4CFF-ABB2-498EF5F25765}.Release|Any CPU.Build.0 = Release|Any CPU
	EndGlobalSection
	GlobalSection(SolutionProperties) = preSolution
		HideSolutionNode = FALSE
	EndGlobalSection
	GlobalSection(ExtensibilityGlobals) = postSolution
		SolutionGuid = {7B3F8404-11E8-4575-9859-3D0BB92B2C83}
	EndGlobalSection
EndGlobal
