
Microsoft Visual Studio Solution File, Format Version 12.00
# Visual Studio Version 16
VisualStudioVersion = 16.0.31911.196
MinimumVisualStudioVersion = 10.0.40219.1
Project("{FAE04EC0-301F-11D3-BF4B-00C04F79EFBC}") = "Puzzle20", "Puzzle20.csproj", "{C67DC0D3-ABE8-44D0-ABF4-67BFC4B3FCCE}"
EndProject
Global
	GlobalSection(SolutionConfigurationPlatforms) = preSolution
		Debug|Any CPU = Debug|Any CPU
		Release|Any CPU = Release|Any CPU
	EndGlobalSection
	GlobalSection(ProjectConfigurationPlatforms) = postSolution
		{C67DC0D3-ABE8-44D0-ABF4-67BFC4B3FCCE}.Debug|Any CPU.ActiveCfg = Debug|Any CPU
		{C67DC0D3-ABE8-44D0-ABF4-67BFC4B3FCCE}.Debug|Any CPU.Build.0 = Debug|Any CPU
		{C67DC0D3-ABE8-44D0-ABF4-67BFC4B3FCCE}.Release|Any CPU.ActiveCfg = Release|Any CPU
		{C67DC0D3-ABE8-44D0-ABF4-67BFC4B3FCCE}.Release|Any CPU.Build.0 = Release|Any CPU
	EndGlobalSection
	GlobalSection(SolutionProperties) = preSolution
		HideSolutionNode = FALSE
	EndGlobalSection
	GlobalSection(ExtensibilityGlobals) = postSolution
		SolutionGuid = {3EDB8AE0-1237-49ED-B36C-1A6C2B94EBE8}
	EndGlobalSection
EndGlobal
